{
  "name": "my-math-app",
  "version": "1.0.0",
  "lockfileVersion": 2,
  "requires": true,
  "packages": {
    "": {
      "name": "my-math-app",
      "version": "1.0.0",
      "license": "ISC",
      "dependencies": {
        "my-best-math-lib": "^1.0.0"
      }
    },
    "node_modules/my-best-math-lib": {
      "version": "1.0.0",
      "resolved": "https://registry.npmjs.org/my-best-math-lib/-/my-best-math-lib-1.0.0.tgz",
      "integrity": "sha512-TZel3luqtUTg+zzhwCwV/S4LmSbqOGiDuqaYmoUHU3BlPHmXJSUuV7eyIC980ggwk8xqrnEvXCbFjIXNwODH4Q=="
    }
  },
  "dependencies": {
    "my-best-math-lib": {
      "version": "1.0.0",
      "resolved": "https://registry.npmjs.org/my-best-math-lib/-/my-best-math-lib-1.0.0.tgz",
      "integrity": "sha512-TZel3luqtUTg+zzhwCwV/S4LmSbqOGiDuqaYmoUHU3BlPHmXJSUuV7eyIC980ggwk8xqrnEvXCbFjIXNwODH4Q=="
    }
  }
}
